
Microsoft Visual Studio Solution File, Format Version 12.00
# Visual Studio 15
VisualStudioVersion = 15.0.27703.1
MinimumVisualStudioVersion = 10.0.40219.1
Project("{FAE04EC0-301F-11D3-BF4B-00C04F79EFBC}") = "Diamond", "Diamond\Diamond.csproj", "{261D8B70-581E-4692-BD91-6BE1202C138C}"
EndProject
Project("{FAE04EC0-301F-11D3-BF4B-00C04F79EFBC}") = "Diamond.Tests", "Diamond.Tests\Diamond.Tests.csproj", "{120760A7-58D3-4B28-9E65-2300E29F92BD}"
EndProject
Global
	GlobalSection(SolutionConfigurationPlatforms) = preSolution
		Debug|Any CPU = Debug|Any CPU
		Release|Any CPU = Release|Any CPU
	EndGlobalSection
	GlobalSection(ProjectConfigurationPlatforms) = postSolution
		{261D8B70-581E-4692-BD91-6BE1202C138C}.Debug|Any CPU.ActiveCfg = Debug|Any CPU
		{261D8B70-581E-4692-BD91-6BE1202C138C}.Debug|Any CPU.Build.0 = Debug|Any CPU
		{261D8B70-581E-4692-BD91-6BE1202C138C}.Release|Any CPU.ActiveCfg = Release|Any CPU
		{261D8B70-581E-4692-BD91-6BE1202C138C}.Release|Any CPU.Build.0 = Release|Any CPU
		{120760A7-58D3-4B28-9E65-2300E29F92BD}.Debug|Any CPU.ActiveCfg = Debug|Any CPU
		{120760A7-58D3-4B28-9E65-2300E29F92BD}.Debug|Any CPU.Build.0 = Debug|Any CPU
		{120760A7-58D3-4B28-9E65-2300E29F92BD}.Release|Any CPU.ActiveCfg = Release|Any CPU
		{120760A7-58D3-4B28-9E65-2300E29F92BD}.Release|Any CPU.Build.0 = Release|Any CPU
	EndGlobalSection
	GlobalSection(SolutionProperties) = preSolution
		HideSolutionNode = FALSE
	EndGlobalSection
	GlobalSection(ExtensibilityGlobals) = postSolution
		SolutionGuid = {E7FF0DAB-5029-4E8F-917D-739CFB7CE19B}
	EndGlobalSection
EndGlobal
